// !$*UTF8*$!
{
	archiveVersion = 1;
	classes = {
	};
	objectVersion = 46;
	objects = {

/* Begin PBXBuildFile section */
		6A968BFA1EB197D100B46463 /* AppDelegate.swift in Sources */ = {isa = PBXBuildFile; fileRef = 6A968BF91EB197D100B46463 /* AppDelegate.swift */; };
		6A968BFC1EB197D100B46463 /* ViewController.swift in Sources */ = {isa = PBXBuildFile; fileRef = 6A968BFB1EB197D100B46463 /* ViewController.swift */; };
		6A968BFF1EB197D100B46463 /* Main.storyboard in Resources */ = {isa = PBXBuildFile; fileRef = 6A968BFD1EB197D100B46463 /* Main.storyboard */; };
		6A968C011EB197D100B46463 /* Assets.xcassets in Resources */ = {isa = PBXBuildFile; fileRef = 6A968C001EB197D100B46463 /* Assets.xcassets */; };
		6A968C041EB197D100B46463 /* LaunchScreen.storyboard in Resources */ = {isa = PBXBuildFile; fileRef = 6A968C021EB197D100B46463 /* LaunchScreen.storyboard */; };
		6A968C0C1EB19AA800B46463 /* ZXLineChartView.swift in Sources */ = {isa = PBXBuildFile; fileRef = 6A968C0B1EB19AA800B46463 /* ZXLineChartView.swift */; };
		6AFD7FD51EB84C2200A7715C /* String+ZX.swift in Sources */ = {isa = PBXBuildFile; fileRef = 6AFD7FD41EB84C2200A7715C /* String+ZX.swift */; };
/* End PBXBuildFile section */

/* Begin PBXFileReference section */
		6A968BF61EB197D100B46463 /* ZXChartViewTemp.app */ = {isa = PBXFileReference; explicitFileType = wrapper.application; includeInIndex = 0; path = ZXChartViewTemp.app; sourceTree = BUILT_PRODUCTS_DIR; };
		6A968BF91EB197D100B46463 /* AppDelegate.swift */ = {isa = PBXFileReference; lastKnownFileType = sourcecode.swift; path = AppDelegate.swift; sourceTree = "<group>"; };
		6A968BFB1EB197D100B46463 /* ViewController.swift */ = {isa = PBXFileReference; lastKnownFileType = sourcecode.swift; path = ViewController.swift; sourceTree = "<group>"; };
		6A968BFE1EB197D100B46463 /* Base */ = {isa = PBXFileReference; lastKnownFileType = file.storyboard; name = Base; path = Base.lproj/Main.storyboard; sourceTree = "<group>"; };
		6A968C001EB197D100B46463 /* Assets.xcassets */ = {isa = PBXFileReference; lastKnownFileType = folder.assetcatalog; path = Assets.xcassets; sourceTree = "<group>"; };
		6A968C031EB197D100B46463 /* Base */ = {isa = PBXFileReference; lastKnownFileType = file.storyboard; name = Base; path = Base.lproj/LaunchScreen.storyboard; sourceTree = "<group>"; };
		6A968C051EB197D100B46463 /* Info.plist */ = {isa = PBXFileReference; lastKnownFileType = text.plist.xml; path = Info.plist; sourceTree = "<group>"; };
		6A968C0B1EB19AA800B46463 /* ZXLineChartView.swift */ = {isa = PBXFileReference; fileEncoding = 4; lastKnownFileType = sourcecode.swift; path = ZXLineChartView.swift; sourceTree = "<group>"; };
		6AFD7FD41EB84C2200A7715C /* String+ZX.swift */ = {isa = PBXFileReference; fileEncoding = 4; lastKnownFileType = sourcecode.swift; path = "String+ZX.swift"; sourceTree = "<group>"; };
/* End PBXFileReference section */

/* Begin PBXFrameworksBuildPhase section */
		6A968BF31EB197D100B46463 /* Frameworks */ = {
			isa = PBXFrameworksBuildPhase;
			buildActionMask = 2147483647;
			files = (
			);
			runOnlyForDeploymentPostprocessing = 0;
		};
/* End PBXFrameworksBuildPhase section */

/* Begin PBXGroup section */
		6A968BED1EB197D100B46463 = {
			isa = PBXGroup;
			children = (
				6A968BF81EB197D100B46463 /* ZXChartViewTemp */,
				6A968BF71EB197D100B46463 /* Products */,
			);
			sourceTree = "<group>";
		};
		6A968BF71EB197D100B46463 /* Products */ = {
			isa = PBXGroup;
			children = (
				6A968BF61EB197D100B46463 /* ZXChartViewTemp.app */,
			);
			name = Products;
			sourceTree = "<group>";
		};
		6A968BF81EB197D100B46463 /* ZXChartViewTemp */ = {
			isa = PBXGroup;
			children = (
				6A968BF91EB197D100B46463 /* AppDelegate.swift */,
				6A968BFB1EB197D100B46463 /* ViewController.swift */,
				6A968C0B1EB19AA800B46463 /* ZXLineChartView.swift */,
				6AFD7FD41EB84C2200A7715C /* String+ZX.swift */,
				6A968BFD1EB197D100B46463 /* Main.storyboard */,
				6A968C001EB197D100B46463 /* Assets.xcassets */,
				6A968C021EB197D100B46463 /* LaunchScreen.storyboard */,
				6A968C051EB197D100B46463 /* Info.plist */,
			);
			path = ZXChartViewTemp;
			sourceTree = "<group>";
		};
/* End PBXGroup section */

/* Begin PBXNativeTarget section */
		6A968BF51EB197D100B46463 /* ZXChartViewTemp */ = {
			isa = PBXNativeTarget;
			buildConfigurationList = 6A968C081EB197D100B46463 /* Build configuration list for PBXNativeTarget "ZXChartViewTemp" */;
			buildPhases = (
				6A968BF21EB197D100B46463 /* Sources */,
				6A968BF31EB197D100B46463 /* Frameworks */,
				6A968BF41EB197D100B46463 /* Resources */,
			);
			buildRules = (
			);
			dependencies = (
			);
			name = ZXChartViewTemp;
			productName = ZXChartViewTemp;
			productReference = 6A968BF61EB197D100B46463 /* ZXChartViewTemp.app */;
			productType = "com.apple.product-type.application";
		};
/* End PBXNativeTarget section */

/* Begin PBXProject section */
		6A968BEE1EB197D100B46463 /* Project object */ = {
			isa = PBXProject;
			attributes = {
				LastSwiftUpdateCheck = 0830;
				LastUpgradeCheck = 0830;
				ORGANIZATIONNAME = screson;
				TargetAttributes = {
					6A968BF51EB197D100B46463 = {
						CreatedOnToolsVersion = 8.3.2;
						DevelopmentTeam = H4384M9Z5J;
						ProvisioningStyle = Automatic;
					};
				};
			};
			buildConfigurationList = 6A968BF11EB197D100B46463 /* Build configuration list for PBXProject "ZXChartViewTemp" */;
			compatibilityVersion = "Xcode 3.2";
			developmentRegion = English;
			hasScannedForEncodings = 0;
			knownRegions = (
				en,
				Base,
			);
			mainGroup = 6A968BED1EB197D100B46463;
			productRefGroup = 6A968BF71EB197D100B46463 /* Products */;
			projectDirPath = "";
			projectRoot = "";
			targets = (
				6A968BF51EB197D100B46463 /* ZXChartViewTemp */,
			);
		};
/* End PBXProject section */

/* Begin PBXResourcesBuildPhase section */
		6A968BF41EB197D100B46463 /* Resources */ = {
			isa = PBXResourcesBuildPhase;
			buildActionMask = 2147483647;
			files = (
				6A968C041EB197D100B46463 /* LaunchScreen.storyboard in Resources */,
				6A968C011EB197D100B46463 /* Assets.xcassets in Resources */,
				6A968BFF1EB197D100B46463 /* Main.storyboard in Resources */,
			);
			runOnlyForDeploymentPostprocessing = 0;
		};
/* End PBXResourcesBuildPhase section */

/* Begin PBXSourcesBuildPhase section */
		6A968BF21EB197D100B46463 /* Sources */ = {
			isa = PBXSourcesBuildPhase;
			buildActionMask = 2147483647;
			files = (
				6A968C0C1EB19AA800B46463 /* ZXLineChartView.swift in Sources */,
				6A968BFC1EB197D100B46463 /* ViewController.swift in Sources */,
				6AFD7FD51EB84C2200A7715C /* String+ZX.swift in Sources */,
				6A968BFA1EB197D100B46463 /* AppDelegate.swift in Sources */,
			);
			runOnlyForDeploymentPostprocessing = 0;
		};
/* End PBXSourcesBuildPhase section */

/* Begin PBXVariantGroup section */
		6A968BFD1EB197D100B46463 /* Main.storyboard */ = {
			isa = PBXVariantGroup;
			children = (
				6A968BFE1EB197D100B46463 /* Base */,
			);
			name = Main.storyboard;
			sourceTree = "<group>";
		};
		6A968C021EB197D100B46463 /* LaunchScreen.storyboard */ = {
			isa = PBXVariantGroup;
			children = (
				6A968C031EB197D100B46463 /* Base */,
			);
			name = LaunchScreen.storyboard;
			sourceTree = "<group>";
		};
/* End PBXVariantGroup section */

/* Begin XCBuildConfiguration section */
		6A968C061EB197D100B46463 /* Debug */ = {
			isa = XCBuildConfiguration;
			buildSettings = {
				ALWAYS_SEARCH_USER_PATHS = NO;
				CLANG_ANALYZER_NONNULL = YES;
				CLANG_ANALYZER_NUMBER_OBJECT_CONVERSION = YES_AGGRESSIVE;
				CLANG_CXX_LANGUAGE_STANDARD = "gnu++0x";
				CLANG_CXX_LIBRARY = "libc++";
				CLANG_ENABLE_MODULES = YES;
				CLANG_ENABLE_OBJC_ARC = YES;
				CLANG_WARN_BOOL_CONVERSION = YES;
				CLANG_WARN_CONSTANT_CONVERSION = YES;
				CLANG_WARN_DIRECT_OBJC_ISA_USAGE = YES_ERROR;
				CLANG_WARN_DOCUMENTATION_COMMENTS = YES;
				CLANG_WARN_EMPTY_BODY = YES;
				CLANG_WARN_ENUM_CONVERSION = YES;
				CLANG_WARN_INFINITE_RECURSION = YES;
				CLANG_WARN_INT_CONVERSION = YES;
				CLANG_WARN_OBJC_ROOT_CLASS = YES_ERROR;
				CLANG_WARN_SUSPICIOUS_MOVE = YES;
				CLANG_WARN_UNREACHABLE_CODE = YES;
				CLANG_WARN__DUPLICATE_METHOD_MATCH = YES;
				"CODE_SIGN_IDENTITY[sdk=iphoneos*]" = "iPhone Developer";
				COPY_PHASE_STRIP = NO;
				DEBUG_INFORMATION_FORMAT = dwarf;
				ENABLE_STRICT_OBJC_MSGSEND = YES;
				ENABLE_TESTABILITY = YES;
				GCC_C_LANGUAGE_STANDARD = gnu99;
				GCC_DYNAMIC_NO_PIC = NO;
				GCC_NO_COMMON_BLOCKS = YES;
				GCC_OPTIMIZATION_LEVEL = 0;
				GCC_PREPROCESSOR_DEFINITIONS = (
					"DEBUG=1",
					"$(inherited)",
				);
				GCC_WARN_64_TO_32_BIT_CONVERSION = YES;
				GCC_WARN_ABOUT_RETURN_TYPE = YES_ERROR;
				GCC_WARN_UNDECLARED_SELECTOR = YES;
				GCC_WARN_UNINITIALIZED_AUTOS = YES_AGGRESSIVE;
				GCC_WARN_UNUSED_FUNCTION = YES;
				GCC_WARN_UNUSED_VARIABLE = YES;
				IPHONEOS_DEPLOYMENT_TARGET = 10.3;
				MTL_ENABLE_DEBUG_INFO = YES;
				ONLY_ACTIVE_ARCH = YES;
				SDKROOT = iphoneos;
				SWIFT_ACTIVE_COMPILATION_CONDITIONS = DEBUG;
				SWIFT_OPTIMIZATION_LEVEL = "-Onone";
			};
			name = Debug;
		};
		6A968C071EB197D100B46463 /* Release */ = {
			isa = XCBuildConfiguration;
			buildSettings = {
				ALWAYS_SEARCH_USER_PATHS = NO;
				CLANG_ANALYZER_NONNULL = YES;
				CLANG_ANALYZER_NUMBER_OBJECT_CONVERSION = YES_AGGRESSIVE;
				CLANG_CXX_LANGUAGE_STANDARD = "gnu++0x";
				CLANG_CXX_LIBRARY = "libc++";
				CLANG_ENABLE_MODULES = YES;
				CLANG_ENABLE_OBJC_ARC = YES;
				CLANG_WARN_BOOL_CONVERSION = YES;
				CLANG_WARN_CONSTANT_CONVERSION = YES;
				CLANG_WARN_DIRECT_OBJC_ISA_USAGE = YES_ERROR;
				CLANG_WARN_DOCUMENTATION_COMMENTS = YES;
				CLANG_WARN_EMPTY_BODY = YES;
				CLANG_WARN_ENUM_CONVERSION = YES;
				CLANG_WARN_INFINITE_RECURSION = YES;
				CLANG_WARN_INT_CONVERSION = YES;
				CLANG_WARN_OBJC_ROOT_CLASS = YES_ERROR;
				CLANG_WARN_SUSPICIOUS_MOVE = YES;
				CLANG_WARN_UNREACHABLE_CODE = YES;
				CLANG_WARN__DUPLICATE_METHOD_MATCH = YES;
				"CODE_SIGN_IDENTITY[sdk=iphoneos*]" = "iPhone Developer";
				COPY_PHASE_STRIP = NO;
				DEBUG_INFORMATION_FORMAT = "dwarf-with-dsym";
				ENABLE_NS_ASSERTIONS = NO;
				ENABLE_STRICT_OBJC_MSGSEND = YES;
				GCC_C_LANGUAGE_STANDARD = gnu99;
				GCC_NO_COMMON_BLOCKS = YES;
				GCC_WARN_64_TO_32_BIT_CONVERSION = YES;
				GCC_WARN_ABOUT_RETURN_TYPE = YES_ERROR;
				GCC_WARN_UNDECLARED_SELECTOR = YES;
				GCC_WARN_UNINITIALIZED_AUTOS = YES_AGGRESSIVE;
				GCC_WARN_UNUSED_FUNCTION = YES;
				GCC_WARN_UNUSED_VARIABLE = YES;
				IPHONEOS_DEPLOYMENT_TARGET = 10.3;
				MTL_ENABLE_DEBUG_INFO = NO;
				SDKROOT = iphoneos;
				SWIFT_OPTIMIZATION_LEVEL = "-Owholemodule";
				VALIDATE_PRODUCT = YES;
			};
			name = Release;
		};
		6A968C091EB197D100B46463 /* Debug */ = {
			isa = XCBuildConfiguration;
			buildSettings = {
				ASSETCATALOG_COMPILER_APPICON_NAME = AppIcon;
				DEVELOPMENT_TEAM = H4384M9Z5J;
				INFOPLIST_FILE = ZXChartViewTemp/Info.plist;
				LD_RUNPATH_SEARCH_PATHS = "$(inherited) @executable_path/Frameworks";
				PRODUCT_BUNDLE_IDENTIFIER = com.reson.ZXChartViewTemp;
				PRODUCT_NAME = "$(TARGET_NAME)";
				SWIFT_VERSION = 3.0;
			};
			name = Debug;
		};
		6A968C0A1EB197D100B46463 /* Release */ = {
			isa = XCBuildConfiguration;
			buildSettings = {
				ASSETCATALOG_COMPILER_APPICON_NAME = AppIcon;
				DEVELOPMENT_TEAM = H4384M9Z5J;
				INFOPLIST_FILE = ZXChartViewTemp/Info.plist;
				LD_RUNPATH_SEARCH_PATHS = "$(inherited) @executable_path/Frameworks";
				PRODUCT_BUNDLE_IDENTIFIER = com.reson.ZXChartViewTemp;
				PRODUCT_NAME = "$(TARGET_NAME)";
				SWIFT_VERSION = 3.0;
			};
			name = Release;
		};
/* End XCBuildConfiguration section */

/* Begin XCConfigurationList section */
		6A968BF11EB197D100B46463 /* Build configuration list for PBXProject "ZXChartViewTemp" */ = {
			isa = XCConfigurationList;
			buildConfigurations = (
				6A968C061EB197D100B46463 /* Debug */,
				6A968C071EB197D100B46463 /* Release */,
			);
			defaultConfigurationIsVisible = 0;
			defaultConfigurationName = Release;
		};
		6A968C081EB197D100B46463 /* Build configuration list for PBXNativeTarget "ZXChartViewTemp" */ = {
			isa = XCConfigurationList;
			buildConfigurations = (
				6A968C091EB197D100B46463 /* Debug */,
				6A968C0A1EB197D100B46463 /* Release */,
			);
			defaultConfigurationIsVisible = 0;
			defaultConfigurationName = Release;
		};
/* End XCConfigurationList section */
	};
	rootObject = 6A968BEE1EB197D100B46463 /* Project object */;
}
